
Microsoft Visual Studio Solution File, Format Version 12.00
# Visual Studio Version 17
VisualStudioVersion = 17.6.33829.357
MinimumVisualStudioVersion = 10.0.40219.1
Project("{FAE04EC0-301F-11D3-BF4B-00C04F79EFBC}") = "AiProjects", "AiProjects\AiProjects.csproj", "{0C6B27C1-0FC3-4B2C-9394-2AC06FE9E040}"
EndProject
Global
	GlobalSection(SolutionConfigurationPlatforms) = preSolution
		Debug|Any CPU = Debug|Any CPU
		Release|Any CPU = Release|Any CPU
	EndGlobalSection
	GlobalSection(ProjectConfigurationPlatforms) = postSolution
		{0C6B27C1-0FC3-4B2C-9394-2AC06FE9E040}.Debug|Any CPU.ActiveCfg = Debug|Any CPU
		{0C6B27C1-0FC3-4B2C-9394-2AC06FE9E040}.Debug|Any CPU.Build.0 = Debug|Any CPU
		{0C6B27C1-0FC3-4B2C-9394-2AC06FE9E040}.Release|Any CPU.ActiveCfg = Release|Any CPU
		{0C6B27C1-0FC3-4B2C-9394-2AC06FE9E040}.Release|Any CPU.Build.0 = Release|Any CPU
	EndGlobalSection
	GlobalSection(SolutionProperties) = preSolution
		HideSolutionNode = FALSE
	EndGlobalSection
	GlobalSection(ExtensibilityGlobals) = postSolution
		SolutionGuid = {9B94785A-2CD0-460D-9035-241C7DFEF728}
	EndGlobalSection
EndGlobal
